
Microsoft Visual Studio Solution File, Format Version 12.00
# Visual Studio Version 17
VisualStudioVersion = 17.5.002.0
MinimumVisualStudioVersion = 10.0.40219.1
Project("{9A19103F-16F7-4668-BE54-9A1E7A4F7556}") = "ServicoEvento", "ServicoEvento.csproj", "{80707909-A973-4AAF-AAB2-DCC913D16EEE}"
EndProject
Global
	GlobalSection(SolutionConfigurationPlatforms) = preSolution
		Debug|Any CPU = Debug|Any CPU
		Release|Any CPU = Release|Any CPU
	EndGlobalSection
	GlobalSection(ProjectConfigurationPlatforms) = postSolution
		{80707909-A973-4AAF-AAB2-DCC913D16EEE}.Debug|Any CPU.ActiveCfg = Debug|Any CPU
		{80707909-A973-4AAF-AAB2-DCC913D16EEE}.Debug|Any CPU.Build.0 = Debug|Any CPU
		{80707909-A973-4AAF-AAB2-DCC913D16EEE}.Release|Any CPU.ActiveCfg = Release|Any CPU
		{80707909-A973-4AAF-AAB2-DCC913D16EEE}.Release|Any CPU.Build.0 = Release|Any CPU
	EndGlobalSection
	GlobalSection(SolutionProperties) = preSolution
		HideSolutionNode = FALSE
	EndGlobalSection
	GlobalSection(ExtensibilityGlobals) = postSolution
		SolutionGuid = {3CEF7B21-E251-47EA-AC9E-2DD0955352FB}
	EndGlobalSection
EndGlobal
